
Microsoft Visual Studio Solution File, Format Version 12.00
# Visual Studio 15
VisualStudioVersion = 15.0.26124.0
MinimumVisualStudioVersion = 15.0.26124.0
Project("{2150E333-8FDC-42A3-9474-1A3956D46DE8}") = "src", "src", "{5350A7E5-5275-44CA-90B6-4B01F17BBBD5}"
EndProject
Project("{FAE04EC0-301F-11D3-BF4B-00C04F79EFBC}") = "kjuge", "src\kjuge\kjuge.csproj", "{39C723E7-FAD6-4369-BF60-B25AF212E146}"
EndProject
Project("{FAE04EC0-301F-11D3-BF4B-00C04F79EFBC}") = "kjuge.test", "src\kjuge.test\kjuge.test.csproj", "{F8B0D8F0-01E5-478D-A973-790D8182150F}"
EndProject
Global
	GlobalSection(SolutionProperties) = preSolution
		HideSolutionNode = FALSE
	EndGlobalSection
	GlobalSection(SolutionConfigurationPlatforms) = preSolution
		Debug|Any CPU = Debug|Any CPU
		Debug|x64 = Debug|x64
		Debug|x86 = Debug|x86
		Release|Any CPU = Release|Any CPU
		Release|x64 = Release|x64
		Release|x86 = Release|x86
	EndGlobalSection
	GlobalSection(ProjectConfigurationPlatforms) = postSolution
		{39C723E7-FAD6-4369-BF60-B25AF212E146}.Debug|Any CPU.ActiveCfg = Debug|Any CPU
		{39C723E7-FAD6-4369-BF60-B25AF212E146}.Debug|Any CPU.Build.0 = Debug|Any CPU
		{39C723E7-FAD6-4369-BF60-B25AF212E146}.Debug|x64.ActiveCfg = Debug|Any CPU
		{39C723E7-FAD6-4369-BF60-B25AF212E146}.Debug|x64.Build.0 = Debug|Any CPU
		{39C723E7-FAD6-4369-BF60-B25AF212E146}.Debug|x86.ActiveCfg = Debug|Any CPU
		{39C723E7-FAD6-4369-BF60-B25AF212E146}.Debug|x86.Build.0 = Debug|Any CPU
		{39C723E7-FAD6-4369-BF60-B25AF212E146}.Release|Any CPU.ActiveCfg = Release|Any CPU
		{39C723E7-FAD6-4369-BF60-B25AF212E146}.Release|Any CPU.Build.0 = Release|Any CPU
		{39C723E7-FAD6-4369-BF60-B25AF212E146}.Release|x64.ActiveCfg = Release|Any CPU
		{39C723E7-FAD6-4369-BF60-B25AF212E146}.Release|x64.Build.0 = Release|Any CPU
		{39C723E7-FAD6-4369-BF60-B25AF212E146}.Release|x86.ActiveCfg = Release|Any CPU
		{39C723E7-FAD6-4369-BF60-B25AF212E146}.Release|x86.Build.0 = Release|Any CPU
		{F8B0D8F0-01E5-478D-A973-790D8182150F}.Debug|Any CPU.ActiveCfg = Debug|Any CPU
		{F8B0D8F0-01E5-478D-A973-790D8182150F}.Debug|Any CPU.Build.0 = Debug|Any CPU
		{F8B0D8F0-01E5-478D-A973-790D8182150F}.Debug|x64.ActiveCfg = Debug|Any CPU
		{F8B0D8F0-01E5-478D-A973-790D8182150F}.Debug|x64.Build.0 = Debug|Any CPU
		{F8B0D8F0-01E5-478D-A973-790D8182150F}.Debug|x86.ActiveCfg = Debug|Any CPU
		{F8B0D8F0-01E5-478D-A973-790D8182150F}.Debug|x86.Build.0 = Debug|Any CPU
		{F8B0D8F0-01E5-478D-A973-790D8182150F}.Release|Any CPU.ActiveCfg = Release|Any CPU
		{F8B0D8F0-01E5-478D-A973-790D8182150F}.Release|Any CPU.Build.0 = Release|Any CPU
		{F8B0D8F0-01E5-478D-A973-790D8182150F}.Release|x64.ActiveCfg = Release|Any CPU
		{F8B0D8F0-01E5-478D-A973-790D8182150F}.Release|x64.Build.0 = Release|Any CPU
		{F8B0D8F0-01E5-478D-A973-790D8182150F}.Release|x86.ActiveCfg = Release|Any CPU
		{F8B0D8F0-01E5-478D-A973-790D8182150F}.Release|x86.Build.0 = Release|Any CPU
	EndGlobalSection
	GlobalSection(NestedProjects) = preSolution
		{39C723E7-FAD6-4369-BF60-B25AF212E146} = {5350A7E5-5275-44CA-90B6-4B01F17BBBD5}
		{F8B0D8F0-01E5-478D-A973-790D8182150F} = {5350A7E5-5275-44CA-90B6-4B01F17BBBD5}
	EndGlobalSection
EndGlobal
